
Microsoft Visual Studio Solution File, Format Version 12.00
# Visual Studio Version 17
VisualStudioVersion = 17.3.32929.385
MinimumVisualStudioVersion = 10.0.40219.1
Project("{FAE04EC0-301F-11D3-BF4B-00C04F79EFBC}") = "Restaurant_APP", "Restaurant_APP\Restaurant_APP.csproj", "{C3A9634B-D378-46DA-81BB-3CC65FE24C9E}"
EndProject
Global
	GlobalSection(SolutionConfigurationPlatforms) = preSolution
		Debug|Any CPU = Debug|Any CPU
		Release|Any CPU = Release|Any CPU
	EndGlobalSection
	GlobalSection(ProjectConfigurationPlatforms) = postSolution
		{C3A9634B-D378-46DA-81BB-3CC65FE24C9E}.Debug|Any CPU.ActiveCfg = Debug|Any CPU
		{C3A9634B-D378-46DA-81BB-3CC65FE24C9E}.Debug|Any CPU.Build.0 = Debug|Any CPU
		{C3A9634B-D378-46DA-81BB-3CC65FE24C9E}.Release|Any CPU.ActiveCfg = Release|Any CPU
		{C3A9634B-D378-46DA-81BB-3CC65FE24C9E}.Release|Any CPU.Build.0 = Release|Any CPU
	EndGlobalSection
	GlobalSection(SolutionProperties) = preSolution
		HideSolutionNode = FALSE
	EndGlobalSection
	GlobalSection(ExtensibilityGlobals) = postSolution
		SolutionGuid = {E7F12491-189D-4849-836E-B998C7BDAC32}
	EndGlobalSection
EndGlobal
